{
    "name": "@dank074/discord-video-stream-example",
    "version": "1.0.0",
    "lockfileVersion": 3,
    "requires": true,
    "packages": {
        "": {
            "name": "@dank074/discord-video-stream-example",
            "version": "1.0.0",
            "hasInstallScript": true,
            "license": "ISC",
            "dependencies": {
                "@dank074/discord-video-stream": "^5.0.0",
                "discord.js-selfbot-v13": "^3.5.1"
            },
            "devDependencies": {
                "@types/node": "^22.10.1",
                "typescript": "^5.7.2"
            }
        },
        "node_modules/@dank074/discord-video-stream": {
            "version": "5.0.2",
            "license": "ISC",
            "dependencies": {
                "@lng2004/libav.js-variant-webcodecs-avf-with-decoders": "6.5.7-o3",
                "debug-level": "^3.2.1",
                "fluent-ffmpeg": "^2.1.3",
                "p-debounce": "^4.0.0",
                "sharp": "^0.33.5",
                "sodium-plus": "^0.9.0",
                "uid": "^2.0.2",
                "ws": "^8.18.0",
                "zeromq": "^6.4.2"
            },
            "engines": {
                "node": ">=21.0.0"
            },
            "peerDependencies": {
                "discord.js-selfbot-v13": "^3.6.0"
            }
        },
        "node_modules/@derhuerst/http-basic": {
            "version": "8.2.4",
            "license": "MIT",
            "optional": true,
            "peer": true,
            "dependencies": {
                "caseless": "^0.12.0",
                "concat-stream": "^2.0.0",
                "http-response-object": "^3.0.1",
                "parse-cache-control": "^1.0.1"
            },
            "engines": {
                "node": ">=6.0.0"
            }
        },
        "node_modules/@discordjs/builders": {
            "version": "1.11.3",
            "license": "Apache-2.0",
            "dependencies": {
                "@discordjs/formatters": "^0.6.1",
                "@discordjs/util": "^1.1.1",
                "@sapphire/shapeshift": "^4.0.0",
                "discord-api-types": "^0.38.16",
                "fast-deep-equal": "^3.1.3",
                "ts-mixer": "^6.0.4",
                "tslib": "^2.6.3"
            },
            "engines": {
                "node": ">=16.11.0"
            },
            "funding": {
                "url": "https://github.com/discordjs/discord.js?sponsor"
            }
        },
        "node_modules/@discordjs/collection": {
            "version": "2.1.1",
            "license": "Apache-2.0",
            "engines": {
                "node": ">=18"
            },
            "funding": {
                "url": "https://github.com/discordjs/discord.js?sponsor"
            }
        },
        "node_modules/@discordjs/formatters": {
            "version": "0.6.1",
            "license": "Apache-2.0",
            "dependencies": {
                "discord-api-types": "^0.38.1"
            },
            "engines": {
                "node": ">=16.11.0"
            },
            "funding": {
                "url": "https://github.com/discordjs/discord.js?sponsor"
            }
        },
        "node_modules/@discordjs/util": {
            "version": "1.1.1",
            "license": "Apache-2.0",
            "engines": {
                "node": ">=18"
            },
            "funding": {
                "url": "https://github.com/discordjs/discord.js?sponsor"
            }
        },
        "node_modules/@img/sharp-win32-x64": {
            "version": "0.33.5",
            "cpu": [
                "x64"
            ],
            "license": "Apache-2.0 AND LGPL-3.0-or-later",
            "optional": true,
            "os": [
                "win32"
            ],
            "engines": {
                "node": "^18.17.0 || ^20.3.0 || >=21.0.0"
            },
            "funding": {
                "url": "https://opencollective.com/libvips"
            }
        },
        "node_modules/@lng2004/libav.js-variant-webcodecs-avf-with-decoders": {
            "version": "6.5.7-o3",
            "license": "LGPL-2.1"
        },
        "node_modules/@lukeed/csprng": {
            "version": "1.1.0",
            "license": "MIT",
            "engines": {
                "node": ">=8"
            }
        },
        "node_modules/@minhducsun2002/leb128": {
            "version": "1.0.0",
            "license": "MIT"
        },
        "node_modules/@otplib/core": {
            "version": "12.0.1",
            "license": "MIT"
        },
        "node_modules/@otplib/plugin-crypto": {
            "version": "12.0.1",
            "license": "MIT",
            "dependencies": {
                "@otplib/core": "^12.0.1"
            }
        },
        "node_modules/@otplib/plugin-thirty-two": {
            "version": "12.0.1",
            "license": "MIT",
            "dependencies": {
                "@otplib/core": "^12.0.1",
                "thirty-two": "^1.0.2"
            }
        },
        "node_modules/@otplib/preset-default": {
            "version": "12.0.1",
            "license": "MIT",
            "dependencies": {
                "@otplib/core": "^12.0.1",
                "@otplib/plugin-crypto": "^12.0.1",
                "@otplib/plugin-thirty-two": "^12.0.1"
            }
        },
        "node_modules/@otplib/preset-v11": {
            "version": "12.0.1",
            "license": "MIT",
            "dependencies": {
                "@otplib/core": "^12.0.1",
                "@otplib/plugin-crypto": "^12.0.1",
                "@otplib/plugin-thirty-two": "^12.0.1"
            }
        },
        "node_modules/@sapphire/async-queue": {
            "version": "1.5.5",
            "license": "MIT",
            "engines": {
                "node": ">=v14.0.0",
                "npm": ">=7.0.0"
            }
        },
        "node_modules/@sapphire/shapeshift": {
            "version": "4.0.0",
            "license": "MIT",
            "dependencies": {
                "fast-deep-equal": "^3.1.3",
                "lodash": "^4.17.21"
            },
            "engines": {
                "node": ">=v16"
            }
        },
        "node_modules/@shinyoshiaki/binary-data": {
            "version": "0.6.1",
            "license": "MIT",
            "dependencies": {
                "generate-function": "^2.3.1",
                "is-plain-object": "^2.0.3"
            },
            "engines": {
                "node": ">=6"
            }
        },
        "node_modules/@shinyoshiaki/jspack": {
            "version": "0.0.6"
        },
        "node_modules/@types/node": {
            "version": "22.17.2",
            "dev": true,
            "license": "MIT",
            "dependencies": {
                "undici-types": "~6.21.0"
            }
        },
        "node_modules/aes-js": {
            "version": "3.1.2",
            "license": "MIT"
        },
        "node_modules/agent-base": {
            "version": "6.0.2",
            "license": "MIT",
            "optional": true,
            "peer": true,
            "dependencies": {
                "debug": "4"
            },
            "engines": {
                "node": ">= 6.0.0"
            }
        },
        "node_modules/ansi-regex": {
            "version": "5.0.1",
            "license": "MIT",
            "engines": {
                "node": ">=8"
            }
        },
        "node_modules/ansi-styles": {
            "version": "4.3.0",
            "license": "MIT",
            "dependencies": {
                "color-convert": "^2.0.1"
            },
            "engines": {
                "node": ">=8"
            },
            "funding": {
                "url": "https://github.com/chalk/ansi-styles?sponsor=1"
            }
        },
        "node_modules/async": {
            "version": "0.2.10"
        },
        "node_modules/asyncc": {
            "version": "2.0.9",
            "license": "MIT",
            "engines": {
                "node": ">=6.0.0"
            }
        },
        "node_modules/atomic-sleep": {
            "version": "1.0.0",
            "license": "MIT",
            "engines": {
                "node": ">=8.0.0"
            }
        },
        "node_modules/base64-js": {
            "version": "1.5.1",
            "funding": [
                {
                    "type": "github",
                    "url": "https://github.com/sponsors/feross"
                },
                {
                    "type": "patreon",
                    "url": "https://www.patreon.com/feross"
                },
                {
                    "type": "consulting",
                    "url": "https://feross.org/support"
                }
            ],
            "license": "MIT"
        },
        "node_modules/big-integer": {
            "version": "1.6.52",
            "license": "Unlicense",
            "engines": {
                "node": ">=0.6"
            }
        },
        "node_modules/buffer": {
            "version": "5.7.1",
            "funding": [
                {
                    "type": "github",
                    "url": "https://github.com/sponsors/feross"
                },
                {
                    "type": "patreon",
                    "url": "https://www.patreon.com/feross"
                },
                {
                    "type": "consulting",
                    "url": "https://feross.org/support"
                }
            ],
            "license": "MIT",
            "dependencies": {
                "base64-js": "^1.3.1",
                "ieee754": "^1.1.13"
            }
        },
        "node_modules/buffer-from": {
            "version": "1.1.2",
            "license": "MIT",
            "optional": true,
            "peer": true
        },
        "node_modules/camelcase": {
            "version": "5.3.1",
            "license": "MIT",
            "engines": {
                "node": ">=6"
            }
        },
        "node_modules/caseless": {
            "version": "0.12.0",
            "license": "Apache-2.0",
            "optional": true,
            "peer": true
        },
        "node_modules/chalk": {
            "version": "4.1.2",
            "license": "MIT",
            "dependencies": {
                "ansi-styles": "^4.1.0",
                "supports-color": "^7.1.0"
            },
            "engines": {
                "node": ">=10"
            },
            "funding": {
                "url": "https://github.com/chalk/chalk?sponsor=1"
            }
        },
        "node_modules/cliui": {
            "version": "6.0.0",
            "license": "ISC",
            "dependencies": {
                "string-width": "^4.2.0",
                "strip-ansi": "^6.0.0",
                "wrap-ansi": "^6.2.0"
            }
        },
        "node_modules/cmake-ts": {
            "version": "1.0.2",
            "license": "MIT",
            "bin": {
                "cmake-ts": "build/main.js"
            }
        },
        "node_modules/color": {
            "version": "4.2.3",
            "license": "MIT",
            "dependencies": {
                "color-convert": "^2.0.1",
                "color-string": "^1.9.0"
            },
            "engines": {
                "node": ">=12.5.0"
            }
        },
        "node_modules/color-convert": {
            "version": "2.0.1",
            "license": "MIT",
            "dependencies": {
                "color-name": "~1.1.4"
            },
            "engines": {
                "node": ">=7.0.0"
            }
        },
        "node_modules/color-name": {
            "version": "1.1.4",
            "license": "MIT"
        },
        "node_modules/color-string": {
            "version": "1.9.1",
            "license": "MIT",
            "dependencies": {
                "color-name": "^1.0.0",
                "simple-swizzle": "^0.2.2"
            }
        },
        "node_modules/commander": {
            "version": "12.1.0",
            "license": "MIT",
            "engines": {
                "node": ">=18"
            }
        },
        "node_modules/concat-stream": {
            "version": "2.0.0",
            "engines": [
                "node >= 6.0"
            ],
            "license": "MIT",
            "optional": true,
            "peer": true,
            "dependencies": {
                "buffer-from": "^1.0.0",
                "inherits": "^2.0.3",
                "readable-stream": "^3.0.2",
                "typedarray": "^0.0.6"
            }
        },
        "node_modules/debug": {
            "version": "4.4.1",
            "license": "MIT",
            "dependencies": {
                "ms": "^2.1.3"
            },
            "engines": {
                "node": ">=6.0"
            },
            "peerDependenciesMeta": {
                "supports-color": {
                    "optional": true
                }
            }
        },
        "node_modules/debug-level": {
            "version": "3.2.1",
            "license": "MIT",
            "dependencies": {
                "asyncc": "^2.0.7",
                "chalk": "^4.1.2",
                "fast-safe-stringify": "^2.1.1",
                "flatstr": "^1.0.12",
                "map-lru": "^2.1.0",
                "ms": "^2.1.3",
                "sonic-boom": "^4.1.0"
            },
            "engines": {
                "node": ">=12"
            },
            "optionalDependencies": {
                "debug": "^4.3.1"
            }
        },
        "node_modules/decamelize": {
            "version": "1.2.0",
            "license": "MIT",
            "engines": {
                "node": ">=0.10.0"
            }
        },
        "node_modules/detect-libc": {
            "version": "2.0.4",
            "license": "Apache-2.0",
            "engines": {
                "node": ">=8"
            }
        },
        "node_modules/dijkstrajs": {
            "version": "1.0.3",
            "license": "MIT"
        },
        "node_modules/discord-api-types": {
            "version": "0.38.20",
            "license": "MIT",
            "workspaces": [
                "scripts/actions/documentation"
            ]
        },
        "node_modules/discord.js-selfbot-v13": {
            "version": "3.7.0",
            "license": "GNU General Public License v3.0",
            "dependencies": {
                "@discordjs/builders": "^1.6.3",
                "@discordjs/collection": "^2.1.1",
                "@sapphire/async-queue": "^1.5.5",
                "@sapphire/shapeshift": "^4.0.0",
                "discord-api-types": "^0.38.15",
                "fetch-cookie": "^3.1.0",
                "find-process": "^2.0.0",
                "otplib": "^12.0.1",
                "prism-media": "^1.3.5",
                "qrcode": "^1.5.4",
                "tough-cookie": "^5.1.2",
                "tree-kill": "^1.2.2",
                "undici": "^7.11.0",
                "werift-rtp": "^0.8.4",
                "ws": "^8.16.0"
            },
            "engines": {
                "node": ">=20.18"
            }
        },
        "node_modules/emoji-regex": {
            "version": "8.0.0",
            "license": "MIT"
        },
        "node_modules/env-paths": {
            "version": "2.2.1",
            "license": "MIT",
            "optional": true,
            "peer": true,
            "engines": {
                "node": ">=6"
            }
        },
        "node_modules/fast-deep-equal": {
            "version": "3.1.3",
            "license": "MIT"
        },
        "node_modules/fast-safe-stringify": {
            "version": "2.1.1",
            "license": "MIT"
        },
        "node_modules/fetch-cookie": {
            "version": "3.1.0",
            "license": "Unlicense",
            "dependencies": {
                "set-cookie-parser": "^2.4.8",
                "tough-cookie": "^5.0.0"
            }
        },
        "node_modules/ffmpeg-static": {
            "version": "5.2.0",
            "hasInstallScript": true,
            "license": "GPL-3.0-or-later",
            "optional": true,
            "peer": true,
            "dependencies": {
                "@derhuerst/http-basic": "^8.2.0",
                "env-paths": "^2.2.0",
                "https-proxy-agent": "^5.0.0",
                "progress": "^2.0.3"
            },
            "engines": {
                "node": ">=16"
            }
        },
        "node_modules/find-process": {
            "version": "2.0.0",
            "license": "MIT",
            "dependencies": {
                "chalk": "~4.1.2",
                "commander": "^12.1.0",
                "loglevel": "^1.9.2"
            },
            "bin": {
                "find-process": "dist/bin/find-process.js"
            }
        },
        "node_modules/find-up": {
            "version": "4.1.0",
            "license": "MIT",
            "dependencies": {
                "locate-path": "^5.0.0",
                "path-exists": "^4.0.0"
            },
            "engines": {
                "node": ">=8"
            }
        },
        "node_modules/flatstr": {
            "version": "1.0.12",
            "license": "MIT"
        },
        "node_modules/fluent-ffmpeg": {
            "version": "2.1.3",
            "license": "MIT",
            "dependencies": {
                "async": "^0.2.9",
                "which": "^1.1.1"
            },
            "engines": {
                "node": ">=18"
            }
        },
        "node_modules/generate-function": {
            "version": "2.3.1",
            "license": "MIT",
            "dependencies": {
                "is-property": "^1.0.2"
            }
        },
        "node_modules/get-caller-file": {
            "version": "2.0.5",
            "license": "ISC",
            "engines": {
                "node": "6.* || 8.* || >= 10.*"
            }
        },
        "node_modules/has-flag": {
            "version": "4.0.0",
            "license": "MIT",
            "engines": {
                "node": ">=8"
            }
        },
        "node_modules/http-response-object": {
            "version": "3.0.2",
            "license": "MIT",
            "optional": true,
            "peer": true,
            "dependencies": {
                "@types/node": "^10.0.3"
            }
        },
        "node_modules/http-response-object/node_modules/@types/node": {
            "version": "10.17.60",
            "license": "MIT",
            "optional": true,
            "peer": true
        },
        "node_modules/https-proxy-agent": {
            "version": "5.0.1",
            "license": "MIT",
            "optional": true,
            "peer": true,
            "dependencies": {
                "agent-base": "6",
                "debug": "4"
            },
            "engines": {
                "node": ">= 6"
            }
        },
        "node_modules/ieee754": {
            "version": "1.2.1",
            "funding": [
                {
                    "type": "github",
                    "url": "https://github.com/sponsors/feross"
                },
                {
                    "type": "patreon",
                    "url": "https://www.patreon.com/feross"
                },
                {
                    "type": "consulting",
                    "url": "https://feross.org/support"
                }
            ],
            "license": "BSD-3-Clause"
        },
        "node_modules/inherits": {
            "version": "2.0.4",
            "license": "ISC",
            "optional": true,
            "peer": true
        },
        "node_modules/is-arrayish": {
            "version": "0.3.2",
            "license": "MIT"
        },
        "node_modules/is-fullwidth-code-point": {
            "version": "3.0.0",
            "license": "MIT",
            "engines": {
                "node": ">=8"
            }
        },
        "node_modules/is-plain-object": {
            "version": "2.0.4",
            "license": "MIT",
            "dependencies": {
                "isobject": "^3.0.1"
            },
            "engines": {
                "node": ">=0.10.0"
            }
        },
        "node_modules/is-property": {
            "version": "1.0.2",
            "license": "MIT"
        },
        "node_modules/is-typedarray": {
            "version": "1.0.0",
            "license": "MIT"
        },
        "node_modules/isexe": {
            "version": "2.0.0",
            "license": "ISC"
        },
        "node_modules/isobject": {
            "version": "3.0.1",
            "license": "MIT",
            "engines": {
                "node": ">=0.10.0"
            }
        },
        "node_modules/libsodium": {
            "version": "0.7.15",
            "license": "ISC"
        },
        "node_modules/libsodium-wrappers": {
            "version": "0.7.15",
            "license": "ISC",
            "dependencies": {
                "libsodium": "^0.7.15"
            }
        },
        "node_modules/locate-path": {
            "version": "5.0.0",
            "license": "MIT",
            "dependencies": {
                "p-locate": "^4.1.0"
            },
            "engines": {
                "node": ">=8"
            }
        },
        "node_modules/lodash": {
            "version": "4.17.21",
            "license": "MIT"
        },
        "node_modules/loglevel": {
            "version": "1.9.2",
            "license": "MIT",
            "engines": {
                "node": ">= 0.6.0"
            },
            "funding": {
                "type": "tidelift",
                "url": "https://tidelift.com/funding/github/npm/loglevel"
            }
        },
        "node_modules/map-lru": {
            "version": "2.1.0",
            "license": "Unlicense",
            "engines": {
                "node": ">=12"
            }
        },
        "node_modules/mp4box": {
            "version": "0.5.4",
            "license": "BSD-3-Clause"
        },
        "node_modules/ms": {
            "version": "2.1.3",
            "license": "MIT"
        },
        "node_modules/node-addon-api": {
            "version": "8.5.0",
            "license": "MIT",
            "engines": {
                "node": "^18 || ^20 || >= 21"
            }
        },
        "node_modules/node-gyp-build": {
            "version": "4.8.4",
            "license": "MIT",
            "peer": true,
            "bin": {
                "node-gyp-build": "bin.js",
                "node-gyp-build-optional": "optional.js",
                "node-gyp-build-test": "build-test.js"
            }
        },
        "node_modules/otplib": {
            "version": "12.0.1",
            "license": "MIT",
            "dependencies": {
                "@otplib/core": "^12.0.1",
                "@otplib/preset-default": "^12.0.1",
                "@otplib/preset-v11": "^12.0.1"
            }
        },
        "node_modules/p-debounce": {
            "version": "4.0.0",
            "license": "MIT",
            "engines": {
                "node": ">=12"
            }
        },
        "node_modules/p-limit": {
            "version": "2.3.0",
            "license": "MIT",
            "dependencies": {
                "p-try": "^2.0.0"
            },
            "engines": {
                "node": ">=6"
            },
            "funding": {
                "url": "https://github.com/sponsors/sindresorhus"
            }
        },
        "node_modules/p-locate": {
            "version": "4.1.0",
            "license": "MIT",
            "dependencies": {
                "p-limit": "^2.2.0"
            },
            "engines": {
                "node": ">=8"
            }
        },
        "node_modules/p-try": {
            "version": "2.2.0",
            "license": "MIT",
            "engines": {
                "node": ">=6"
            }
        },
        "node_modules/parse-cache-control": {
            "version": "1.0.1",
            "optional": true,
            "peer": true
        },
        "node_modules/path-exists": {
            "version": "4.0.0",
            "license": "MIT",
            "engines": {
                "node": ">=8"
            }
        },
        "node_modules/pngjs": {
            "version": "5.0.0",
            "license": "MIT",
            "engines": {
                "node": ">=10.13.0"
            }
        },
        "node_modules/poly1305-js": {
            "version": "0.4.4",
            "license": "ISC",
            "dependencies": {
                "big-integer": "^1.6.51"
            }
        },
        "node_modules/prism-media": {
            "version": "1.3.5",
            "license": "Apache-2.0",
            "peerDependencies": {
                "@discordjs/opus": ">=0.8.0 <1.0.0",
                "ffmpeg-static": "^5.0.2 || ^4.2.7 || ^3.0.0 || ^2.4.0",
                "node-opus": "^0.3.3",
                "opusscript": "^0.0.8"
            },
            "peerDependenciesMeta": {
                "@discordjs/opus": {
                    "optional": true
                },
                "ffmpeg-static": {
                    "optional": true
                },
                "node-opus": {
                    "optional": true
                },
                "opusscript": {
                    "optional": true
                }
            }
        },
        "node_modules/progress": {
            "version": "2.0.3",
            "license": "MIT",
            "optional": true,
            "peer": true,
            "engines": {
                "node": ">=0.4.0"
            }
        },
        "node_modules/qrcode": {
            "version": "1.5.4",
            "license": "MIT",
            "dependencies": {
                "dijkstrajs": "^1.0.1",
                "pngjs": "^5.0.0",
                "yargs": "^15.3.1"
            },
            "bin": {
                "qrcode": "bin/qrcode"
            },
            "engines": {
                "node": ">=10.13.0"
            }
        },
        "node_modules/readable-stream": {
            "version": "3.6.2",
            "license": "MIT",
            "optional": true,
            "peer": true,
            "dependencies": {
                "inherits": "^2.0.3",
                "string_decoder": "^1.1.1",
                "util-deprecate": "^1.0.1"
            },
            "engines": {
                "node": ">= 6"
            }
        },
        "node_modules/require-directory": {
            "version": "2.1.1",
            "license": "MIT",
            "engines": {
                "node": ">=0.10.0"
            }
        },
        "node_modules/require-main-filename": {
            "version": "2.0.0",
            "license": "ISC"
        },
        "node_modules/rx.mini": {
            "version": "1.4.0"
        },
        "node_modules/safe-buffer": {
            "version": "5.2.1",
            "funding": [
                {
                    "type": "github",
                    "url": "https://github.com/sponsors/feross"
                },
                {
                    "type": "patreon",
                    "url": "https://www.patreon.com/feross"
                },
                {
                    "type": "consulting",
                    "url": "https://feross.org/support"
                }
            ],
            "license": "MIT",
            "optional": true,
            "peer": true
        },
        "node_modules/semver": {
            "version": "7.7.2",
            "license": "ISC",
            "bin": {
                "semver": "bin/semver.js"
            },
            "engines": {
                "node": ">=10"
            }
        },
        "node_modules/set-blocking": {
            "version": "2.0.0",
            "license": "ISC"
        },
        "node_modules/set-cookie-parser": {
            "version": "2.7.1",
            "license": "MIT"
        },
        "node_modules/sharp": {
            "version": "0.33.5",
            "hasInstallScript": true,
            "license": "Apache-2.0",
            "dependencies": {
                "color": "^4.2.3",
                "detect-libc": "^2.0.3",
                "semver": "^7.6.3"
            },
            "engines": {
                "node": "^18.17.0 || ^20.3.0 || >=21.0.0"
            },
            "funding": {
                "url": "https://opencollective.com/libvips"
            },
            "optionalDependencies": {
                "@img/sharp-darwin-arm64": "0.33.5",
                "@img/sharp-darwin-x64": "0.33.5",
                "@img/sharp-libvips-darwin-arm64": "1.0.4",
                "@img/sharp-libvips-darwin-x64": "1.0.4",
                "@img/sharp-libvips-linux-arm": "1.0.5",
                "@img/sharp-libvips-linux-arm64": "1.0.4",
                "@img/sharp-libvips-linux-s390x": "1.0.4",
                "@img/sharp-libvips-linux-x64": "1.0.4",
                "@img/sharp-libvips-linuxmusl-arm64": "1.0.4",
                "@img/sharp-libvips-linuxmusl-x64": "1.0.4",
                "@img/sharp-linux-arm": "0.33.5",
                "@img/sharp-linux-arm64": "0.33.5",
                "@img/sharp-linux-s390x": "0.33.5",
                "@img/sharp-linux-x64": "0.33.5",
                "@img/sharp-linuxmusl-arm64": "0.33.5",
                "@img/sharp-linuxmusl-x64": "0.33.5",
                "@img/sharp-wasm32": "0.33.5",
                "@img/sharp-win32-ia32": "0.33.5",
                "@img/sharp-win32-x64": "0.33.5"
            }
        },
        "node_modules/simple-swizzle": {
            "version": "0.2.2",
            "license": "MIT",
            "dependencies": {
                "is-arrayish": "^0.3.1"
            }
        },
        "node_modules/sodium-native": {
            "version": "3.4.1",
            "hasInstallScript": true,
            "license": "MIT",
            "peer": true,
            "dependencies": {
                "node-gyp-build": "^4.3.0"
            }
        },
        "node_modules/sodium-plus": {
            "version": "0.9.0",
            "license": "ISC",
            "dependencies": {
                "buffer": "^5.6.0",
                "libsodium-wrappers": "^0.7.6",
                "poly1305-js": "^0.4.2",
                "typedarray-to-buffer": "^3.1.5",
                "xsalsa20": "^1.1.0"
            },
            "peerDependencies": {
                "sodium-native": "^3.2.0"
            }
        },
        "node_modules/sonic-boom": {
            "version": "4.2.0",
            "license": "MIT",
            "dependencies": {
                "atomic-sleep": "^1.0.0"
            }
        },
        "node_modules/string_decoder": {
            "version": "1.3.0",
            "license": "MIT",
            "optional": true,
            "peer": true,
            "dependencies": {
                "safe-buffer": "~5.2.0"
            }
        },
        "node_modules/string-width": {
            "version": "4.2.3",
            "license": "MIT",
            "dependencies": {
                "emoji-regex": "^8.0.0",
                "is-fullwidth-code-point": "^3.0.0",
                "strip-ansi": "^6.0.1"
            },
            "engines": {
                "node": ">=8"
            }
        },
        "node_modules/strip-ansi": {
            "version": "6.0.1",
            "license": "MIT",
            "dependencies": {
                "ansi-regex": "^5.0.1"
            },
            "engines": {
                "node": ">=8"
            }
        },
        "node_modules/supports-color": {
            "version": "7.2.0",
            "license": "MIT",
            "dependencies": {
                "has-flag": "^4.0.0"
            },
            "engines": {
                "node": ">=8"
            }
        },
        "node_modules/thirty-two": {
            "version": "1.0.2",
            "engines": {
                "node": ">=0.2.6"
            }
        },
        "node_modules/tldts": {
            "version": "6.1.86",
            "license": "MIT",
            "dependencies": {
                "tldts-core": "^6.1.86"
            },
            "bin": {
                "tldts": "bin/cli.js"
            }
        },
        "node_modules/tldts-core": {
            "version": "6.1.86",
            "license": "MIT"
        },
        "node_modules/tough-cookie": {
            "version": "5.1.2",
            "license": "BSD-3-Clause",
            "dependencies": {
                "tldts": "^6.1.32"
            },
            "engines": {
                "node": ">=16"
            }
        },
        "node_modules/tree-kill": {
            "version": "1.2.2",
            "license": "MIT",
            "bin": {
                "tree-kill": "cli.js"
            }
        },
        "node_modules/ts-mixer": {
            "version": "6.0.4",
            "license": "MIT"
        },
        "node_modules/tslib": {
            "version": "2.8.1",
            "license": "0BSD"
        },
        "node_modules/typedarray": {
            "version": "0.0.6",
            "license": "MIT",
            "optional": true,
            "peer": true
        },
        "node_modules/typedarray-to-buffer": {
            "version": "3.1.5",
            "license": "MIT",
            "dependencies": {
                "is-typedarray": "^1.0.0"
            }
        },
        "node_modules/typescript": {
            "version": "5.9.2",
            "dev": true,
            "license": "Apache-2.0",
            "bin": {
                "tsc": "bin/tsc",
                "tsserver": "bin/tsserver"
            },
            "engines": {
                "node": ">=14.17"
            }
        },
        "node_modules/uid": {
            "version": "2.0.2",
            "license": "MIT",
            "dependencies": {
                "@lukeed/csprng": "^1.0.0"
            },
            "engines": {
                "node": ">=8"
            }
        },
        "node_modules/undici": {
            "version": "7.14.0",
            "license": "MIT",
            "engines": {
                "node": ">=20.18.1"
            }
        },
        "node_modules/undici-types": {
            "version": "6.21.0",
            "dev": true,
            "license": "MIT"
        },
        "node_modules/util-deprecate": {
            "version": "1.0.2",
            "license": "MIT",
            "optional": true,
            "peer": true
        },
        "node_modules/werift-rtp": {
            "version": "0.8.4",
            "license": "MIT",
            "dependencies": {
                "@minhducsun2002/leb128": "^1.0.0",
                "@shinyoshiaki/binary-data": "^0.6.1",
                "@shinyoshiaki/jspack": "^0.0.6",
                "aes-js": "^3.1.2",
                "buffer": "^6.0.3",
                "debug": "^4.3.4",
                "mp4box": "^0.5.2",
                "rx.mini": "^1.2.2"
            },
            "engines": {
                "node": ">=10"
            }
        },
        "node_modules/werift-rtp/node_modules/buffer": {
            "version": "6.0.3",
            "funding": [
                {
                    "type": "github",
                    "url": "https://github.com/sponsors/feross"
                },
                {
                    "type": "patreon",
                    "url": "https://www.patreon.com/feross"
                },
                {
                    "type": "consulting",
                    "url": "https://feross.org/support"
                }
            ],
            "license": "MIT",
            "dependencies": {
                "base64-js": "^1.3.1",
                "ieee754": "^1.2.1"
            }
        },
        "node_modules/which": {
            "version": "1.3.1",
            "license": "ISC",
            "dependencies": {
                "isexe": "^2.0.0"
            },
            "bin": {
                "which": "bin/which"
            }
        },
        "node_modules/which-module": {
            "version": "2.0.1",
            "license": "ISC"
        },
        "node_modules/wrap-ansi": {
            "version": "6.2.0",
            "license": "MIT",
            "dependencies": {
                "ansi-styles": "^4.0.0",
                "string-width": "^4.1.0",
                "strip-ansi": "^6.0.0"
            },
            "engines": {
                "node": ">=8"
            }
        },
        "node_modules/ws": {
            "version": "8.18.3",
            "license": "MIT",
            "engines": {
                "node": ">=10.0.0"
            },
            "peerDependencies": {
                "bufferutil": "^4.0.1",
                "utf-8-validate": ">=5.0.2"
            },
            "peerDependenciesMeta": {
                "bufferutil": {
                    "optional": true
                },
                "utf-8-validate": {
                    "optional": true
                }
            }
        },
        "node_modules/xsalsa20": {
            "version": "1.2.0",
            "license": "MIT"
        },
        "node_modules/y18n": {
            "version": "4.0.3",
            "license": "ISC"
        },
        "node_modules/yargs": {
            "version": "15.4.1",
            "license": "MIT",
            "dependencies": {
                "cliui": "^6.0.0",
                "decamelize": "^1.2.0",
                "find-up": "^4.1.0",
                "get-caller-file": "^2.0.1",
                "require-directory": "^2.1.1",
                "require-main-filename": "^2.0.0",
                "set-blocking": "^2.0.0",
                "string-width": "^4.2.0",
                "which-module": "^2.0.0",
                "y18n": "^4.0.0",
                "yargs-parser": "^18.1.2"
            },
            "engines": {
                "node": ">=8"
            }
        },
        "node_modules/yargs-parser": {
            "version": "18.1.3",
            "license": "ISC",
            "dependencies": {
                "camelcase": "^5.0.0",
                "decamelize": "^1.2.0"
            },
            "engines": {
                "node": ">=6"
            }
        },
        "node_modules/zeromq": {
            "version": "6.5.0",
            "hasInstallScript": true,
            "license": "MIT AND MPL-2.0",
            "dependencies": {
                "cmake-ts": "1.0.2",
                "node-addon-api": "^8.3.1"
            },
            "engines": {
                "node": ">= 12"
            }
        }
    }
}
